
Microsoft Visual Studio Solution File, Format Version 12.00
# Visual Studio Version 16
VisualStudioVersion = 16.0.30621.155
MinimumVisualStudioVersion = 10.0.40219.1
Project("{888888A0-9F3D-457C-B088-3A5042F75D52}") = "Bank", "Bank\Bank.pyproj", "{C36B54F7-8E94-4299-877C-557602C3B05C}"
EndProject
Global
	GlobalSection(SolutionConfigurationPlatforms) = preSolution
		Debug|Any CPU = Debug|Any CPU
		Release|Any CPU = Release|Any CPU
	EndGlobalSection
	GlobalSection(ProjectConfigurationPlatforms) = postSolution
		{C36B54F7-8E94-4299-877C-557602C3B05C}.Debug|Any CPU.ActiveCfg = Debug|Any CPU
		{C36B54F7-8E94-4299-877C-557602C3B05C}.Release|Any CPU.ActiveCfg = Release|Any CPU
	EndGlobalSection
	GlobalSection(SolutionProperties) = preSolution
		HideSolutionNode = FALSE
	EndGlobalSection
	GlobalSection(ExtensibilityGlobals) = postSolution
		SolutionGuid = {875AD7B5-51F7-45F0-8791-1449FA9CB059}
	EndGlobalSection
EndGlobal
